
Microsoft Visual Studio Solution File, Format Version 12.00
# Visual Studio Version 17
VisualStudioVersion = 17.2.32210.308
MinimumVisualStudioVersion = 10.0.40219.1
Project("{FAE04EC0-301F-11D3-BF4B-00C04F79EFBC}") = "SourceSDK.ENV.Editor", "SourceSDK.ENV.Editor.csproj", "{549607A2-9010-45DB-B0FC-DCEB9C16021F}"
EndProject
Global
	GlobalSection(SolutionConfigurationPlatforms) = preSolution
		Debug|Any CPU = Debug|Any CPU
		Release|Any CPU = Release|Any CPU
	EndGlobalSection
	GlobalSection(ProjectConfigurationPlatforms) = postSolution
		{549607A2-9010-45DB-B0FC-DCEB9C16021F}.Debug|Any CPU.ActiveCfg = Debug|Any CPU
		{549607A2-9010-45DB-B0FC-DCEB9C16021F}.Debug|Any CPU.Build.0 = Debug|Any CPU
		{549607A2-9010-45DB-B0FC-DCEB9C16021F}.Release|Any CPU.ActiveCfg = Release|Any CPU
		{549607A2-9010-45DB-B0FC-DCEB9C16021F}.Release|Any CPU.Build.0 = Release|Any CPU
	EndGlobalSection
	GlobalSection(SolutionProperties) = preSolution
		HideSolutionNode = FALSE
	EndGlobalSection
	GlobalSection(ExtensibilityGlobals) = postSolution
		SolutionGuid = {2230E443-7FC3-4A1D-BC4A-C36A3C5B70E2}
	EndGlobalSection
EndGlobal
